// !$*UTF8*$!
{
	archiveVersion = 1;
	classes = {
	};
	objectVersion = 77;
	objects = {

/* Begin PBXBuildFile section */
		A1D661CD2F7F136D00DF4EED /* PitchDetectorService.swift in Sources */ = {isa = PBXBuildFile; fileRef = A1D661BF2F7F136D00DF4EED /* PitchDetectorService.swift */; };
		A1D661CE2F7F136D00DF4EED /* AudioEngineService.swift in Sources */ = {isa = PBXBuildFile; fileRef = A1D661BE2F7F136D00DF4EED /* AudioEngineService.swift */; };
		A1D661CF2F7F136D00DF4EED /* PitchResult.swift in Sources */ = {isa = PBXBuildFile; fileRef = A1D661BC2F7F136D00DF4EED /* PitchResult.swift */; };
		A1D661D02F7F136D00DF4EED /* PitchCircleApp.swift in Sources */ = {isa = PBXBuildFile; fileRef = A1D661B42F7F136D00DF4EED /* PitchCircleApp.swift */; };
		A1D661D12F7F136D00DF4EED /* PYINProcessor.swift in Sources */ = {isa = PBXBuildFile; fileRef = A1D661B62F7F136D00DF4EED /* PYINProcessor.swift */; };
		A1D661D22F7F136D00DF4EED /* NoteConverter.swift in Sources */ = {isa = PBXBuildFile; fileRef = A1D661B92F7F136D00DF4EED /* NoteConverter.swift */; };
		A1D661D32F7F136D00DF4EED /* ContentView.swift in Sources */ = {isa = PBXBuildFile; fileRef = A1D661B32F7F136D00DF4EED /* ContentView.swift */; };
		A1D661E42F8073D900DF4EED /* Color+Theme.swift in Sources */ = {isa = PBXBuildFile; fileRef = A1D661E32F8073D900DF4EED /* Color+Theme.swift */; };
		A1D661E62F80743B00DF4EED /* CircleOfFifthsLayout.swift in Sources */ = {isa = PBXBuildFile; fileRef = A1D661E52F80743B00DF4EED /* CircleOfFifthsLayout.swift */; };
		A1D661E82F8074A800DF4EED /* CircleOfFifthsView.swift in Sources */ = {isa = PBXBuildFile; fileRef = A1D661E72F8074A800DF4EED /* CircleOfFifthsView.swift */; };
		A1D661EA2F8147AE00DF4EED /* AppState.swift in Sources */ = {isa = PBXBuildFile; fileRef = A1D661E92F8147AE00DF4EED /* AppState.swift */; };
		A1D661EC2F8147AF00DF4EED /* AppSettings.swift in Sources */ = {isa = PBXBuildFile; fileRef = A1D661EB2F8147AF00DF4EED /* AppSettings.swift */; };
		A1D661EE2F8147B000DF4EED /* SettingsService.swift in Sources */ = {isa = PBXBuildFile; fileRef = A1D661ED2F8147B000DF4EED /* SettingsService.swift */; };
		A1D661F02F8147B000DF4EED /* SettingsView.swift in Sources */ = {isa = PBXBuildFile; fileRef = A1D661EF2F8147B000DF4EED /* SettingsView.swift */; };
/* End PBXBuildFile section */

/* Begin PBXFileReference section */
		A1D661A52F7F12E400DF4EED /* PitchCircle.app */ = {isa = PBXFileReference; explicitFileType = wrapper.application; includeInIndex = 0; path = PitchCircle.app; sourceTree = BUILT_PRODUCTS_DIR; };
		A1D661B32F7F136D00DF4EED /* ContentView.swift */ = {isa = PBXFileReference; lastKnownFileType = sourcecode.swift; path = ContentView.swift; sourceTree = "<group>"; };
		A1D661B42F7F136D00DF4EED /* PitchCircleApp.swift */ = {isa = PBXFileReference; lastKnownFileType = sourcecode.swift; path = PitchCircleApp.swift; sourceTree = "<group>"; };
		A1D661B62F7F136D00DF4EED /* PYINProcessor.swift */ = {isa = PBXFileReference; lastKnownFileType = sourcecode.swift; path = PYINProcessor.swift; sourceTree = "<group>"; };
		A1D661B92F7F136D00DF4EED /* NoteConverter.swift */ = {isa = PBXFileReference; lastKnownFileType = sourcecode.swift; path = NoteConverter.swift; sourceTree = "<group>"; };
		A1D661BC2F7F136D00DF4EED /* PitchResult.swift */ = {isa = PBXFileReference; lastKnownFileType = sourcecode.swift; path = PitchResult.swift; sourceTree = "<group>"; };
		A1D661BE2F7F136D00DF4EED /* AudioEngineService.swift */ = {isa = PBXFileReference; lastKnownFileType = sourcecode.swift; path = AudioEngineService.swift; sourceTree = "<group>"; };
		A1D661BF2F7F136D00DF4EED /* PitchDetectorService.swift */ = {isa = PBXFileReference; lastKnownFileType = sourcecode.swift; path = PitchDetectorService.swift; sourceTree = "<group>"; };
		A1D661E32F8073D900DF4EED /* Color+Theme.swift */ = {isa = PBXFileReference; lastKnownFileType = sourcecode.swift; path = "Color+Theme.swift"; sourceTree = "<group>"; };
		A1D661E52F80743B00DF4EED /* CircleOfFifthsLayout.swift */ = {isa = PBXFileReference; lastKnownFileType = sourcecode.swift; path = CircleOfFifthsLayout.swift; sourceTree = "<group>"; };
		A1D661E72F8074A800DF4EED /* CircleOfFifthsView.swift */ = {isa = PBXFileReference; lastKnownFileType = sourcecode.swift; path = CircleOfFifthsView.swift; sourceTree = "<group>"; };
		A1D661E92F8147AE00DF4EED /* AppState.swift */ = {isa = PBXFileReference; lastKnownFileType = sourcecode.swift; path = AppState.swift; sourceTree = "<group>"; };
		A1D661EB2F8147AF00DF4EED /* AppSettings.swift */ = {isa = PBXFileReference; lastKnownFileType = sourcecode.swift; path = AppSettings.swift; sourceTree = "<group>"; };
		A1D661ED2F8147B000DF4EED /* SettingsService.swift */ = {isa = PBXFileReference; lastKnownFileType = sourcecode.swift; path = SettingsService.swift; sourceTree = "<group>"; };
		A1D661EF2F8147B000DF4EED /* SettingsView.swift */ = {isa = PBXFileReference; lastKnownFileType = sourcecode.swift; path = SettingsView.swift; sourceTree = "<group>"; };
/* End PBXFileReference section */

/* Begin PBXFileSystemSynchronizedBuildFileExceptionSet section */
		A1D661D62F803D6400DF4EED /* Exceptions for "PitchCircle" folder in "PitchCircle" target */ = {
			isa = PBXFileSystemSynchronizedBuildFileExceptionSet;
			membershipExceptions = (
				Info.plist,
			);
			target = A1D661A42F7F12E400DF4EED /* PitchCircle */;
		};
/* End PBXFileSystemSynchronizedBuildFileExceptionSet section */

/* Begin PBXFileSystemSynchronizedRootGroup section */
		A1D661A72F7F12E400DF4EED /* PitchCircle */ = {
			isa = PBXFileSystemSynchronizedRootGroup;
			exceptions = (
				A1D661D62F803D6400DF4EED /* Exceptions for "PitchCircle" folder in "PitchCircle" target */,
			);
			path = PitchCircle;
			sourceTree = "<group>";
		};
/* End PBXFileSystemSynchronizedRootGroup section */

/* Begin PBXFrameworksBuildPhase section */
		A1D661A22F7F12E400DF4EED /* Frameworks */ = {
			isa = PBXFrameworksBuildPhase;
			buildActionMask = 2147483647;
			files = (
			);
			runOnlyForDeploymentPostprocessing = 0;
		};
/* End PBXFrameworksBuildPhase section */

/* Begin PBXGroup section */
		A1D6619C2F7F12E400DF4EED = {
			isa = PBXGroup;
			children = (
				A1D661B52F7F136D00DF4EED /* App */,
				A1D661BB2F7F136D00DF4EED /* Core */,
				A1D661CB2F7F136D00DF4EED /* Features */,
				A1D661CC2F7F136D00DF4EED /* Resources */,
				A1D661A72F7F12E400DF4EED /* PitchCircle */,
				A1D661A62F7F12E400DF4EED /* Products */,
			);
			sourceTree = "<group>";
		};
		A1D661A62F7F12E400DF4EED /* Products */ = {
			isa = PBXGroup;
			children = (
				A1D661A52F7F12E400DF4EED /* PitchCircle.app */,
			);
			name = Products;
			sourceTree = "<group>";
		};
		A1D661B52F7F136D00DF4EED /* App */ = {
			isa = PBXGroup;
			children = (
				A1D661B32F7F136D00DF4EED /* ContentView.swift */,
				A1D661B42F7F136D00DF4EED /* PitchCircleApp.swift */,
				A1D661E92F8147AE00DF4EED /* AppState.swift */,
			);
			path = App;
			sourceTree = "<group>";
		};
		A1D661B72F7F136D00DF4EED /* Audio */ = {
			isa = PBXGroup;
			children = (
				A1D661B62F7F136D00DF4EED /* PYINProcessor.swift */,
			);
			path = Audio;
			sourceTree = "<group>";
		};
		A1D661B82F7F136D00DF4EED /* Extensions */ = {
			isa = PBXGroup;
			children = (
				A1D661E32F8073D900DF4EED /* Color+Theme.swift */,
			);
			path = Extensions;
			sourceTree = "<group>";
		};
		A1D661BA2F7F136D00DF4EED /* Music */ = {
			isa = PBXGroup;
			children = (
				A1D661E52F80743B00DF4EED /* CircleOfFifthsLayout.swift */,
				A1D661B92F7F136D00DF4EED /* NoteConverter.swift */,
			);
			path = Music;
			sourceTree = "<group>";
		};
		A1D661BB2F7F136D00DF4EED /* Core */ = {
			isa = PBXGroup;
			children = (
				A1D661B72F7F136D00DF4EED /* Audio */,
				A1D661B82F7F136D00DF4EED /* Extensions */,
				A1D661BA2F7F136D00DF4EED /* Music */,
			);
			path = Core;
			sourceTree = "<group>";
		};
		A1D661BD2F7F136D00DF4EED /* Models */ = {
			isa = PBXGroup;
			children = (
				A1D661BC2F7F136D00DF4EED /* PitchResult.swift */,
			);
			path = Models;
			sourceTree = "<group>";
		};
		A1D661C02F7F136D00DF4EED /* Services */ = {
			isa = PBXGroup;
			children = (
				A1D661BE2F7F136D00DF4EED /* AudioEngineService.swift */,
				A1D661BF2F7F136D00DF4EED /* PitchDetectorService.swift */,
			);
			path = Services;
			sourceTree = "<group>";
		};
		A1D661C12F7F136D00DF4EED /* ViewModels */ = {
			isa = PBXGroup;
			children = (
			);
			path = ViewModels;
			sourceTree = "<group>";
		};
		A1D661C22F7F136D00DF4EED /* Audio */ = {
			isa = PBXGroup;
			children = (
				A1D661BD2F7F136D00DF4EED /* Models */,
				A1D661C02F7F136D00DF4EED /* Services */,
				A1D661C12F7F136D00DF4EED /* ViewModels */,
			);
			path = Audio;
			sourceTree = "<group>";
		};
		A1D661C32F7F136D00DF4EED /* Models */ = {
			isa = PBXGroup;
			children = (
			);
			path = Models;
			sourceTree = "<group>";
		};
		A1D661C42F7F136D00DF4EED /* ViewModels */ = {
			isa = PBXGroup;
			children = (
			);
			path = ViewModels;
			sourceTree = "<group>";
		};
		A1D661C52F7F136D00DF4EED /* Views */ = {
			isa = PBXGroup;
			children = (
				A1D661E72F8074A800DF4EED /* CircleOfFifthsView.swift */,
			);
			path = Views;
			sourceTree = "<group>";
		};
		A1D661C62F7F136D00DF4EED /* CircleOfFifths */ = {
			isa = PBXGroup;
			children = (
				A1D661C32F7F136D00DF4EED /* Models */,
				A1D661C42F7F136D00DF4EED /* ViewModels */,
				A1D661C52F7F136D00DF4EED /* Views */,
			);
			path = CircleOfFifths;
			sourceTree = "<group>";
		};
		A1D661C72F7F136D00DF4EED /* Models */ = {
			isa = PBXGroup;
			children = (
			);
			path = Models;
			sourceTree = "<group>";
		};
		A1D661C82F7F136D00DF4EED /* Services */ = {
			isa = PBXGroup;
			children = (
			);
			path = Services;
			sourceTree = "<group>";
		};
		A1D661C92F7F136D00DF4EED /* Views */ = {
			isa = PBXGroup;
			children = (
			);
			path = Views;
			sourceTree = "<group>";
		};
		A1D661CA2F7F136D00DF4EED /* Settings */ = {
			isa = PBXGroup;
			children = (
				A1D661C72F7F136D00DF4EED /* Models */,
				A1D661C82F7F136D00DF4EED /* Services */,
				A1D661C92F7F136D00DF4EED /* Views */,
				A1D661EB2F8147AF00DF4EED /* AppSettings.swift */,
				A1D661ED2F8147B000DF4EED /* SettingsService.swift */,
				A1D661EF2F8147B000DF4EED /* SettingsView.swift */,
			);
			path = Settings;
			sourceTree = "<group>";
		};
		A1D661CB2F7F136D00DF4EED /* Features */ = {
			isa = PBXGroup;
			children = (
				A1D661C22F7F136D00DF4EED /* Audio */,
				A1D661C62F7F136D00DF4EED /* CircleOfFifths */,
				A1D661CA2F7F136D00DF4EED /* Settings */,
			);
			path = Features;
			sourceTree = "<group>";
		};
		A1D661CC2F7F136D00DF4EED /* Resources */ = {
			isa = PBXGroup;
			children = (
			);
			path = Resources;
			sourceTree = "<group>";
		};
/* End PBXGroup section */

/* Begin PBXNativeTarget section */
		A1D661A42F7F12E400DF4EED /* PitchCircle */ = {
			isa = PBXNativeTarget;
			buildConfigurationList = A1D661B02F7F12E500DF4EED /* Build configuration list for PBXNativeTarget "PitchCircle" */;
			buildPhases = (
				A1D661A12F7F12E400DF4EED /* Sources */,
				A1D661A22F7F12E400DF4EED /* Frameworks */,
				A1D661A32F7F12E400DF4EED /* Resources */,
			);
			buildRules = (
			);
			dependencies = (
			);
			fileSystemSynchronizedGroups = (
				A1D661A72F7F12E400DF4EED /* PitchCircle */,
			);
			name = PitchCircle;
			packageProductDependencies = (
			);
			productName = PitchCircle;
			productReference = A1D661A52F7F12E400DF4EED /* PitchCircle.app */;
			productType = "com.apple.product-type.application";
		};
/* End PBXNativeTarget section */

/* Begin PBXProject section */
		A1D6619D2F7F12E400DF4EED /* Project object */ = {
			isa = PBXProject;
			attributes = {
				BuildIndependentTargetsInParallel = 1;
				LastSwiftUpdateCheck = 2640;
				LastUpgradeCheck = 2640;
				TargetAttributes = {
					A1D661A42F7F12E400DF4EED = {
						CreatedOnToolsVersion = 26.4;
					};
				};
			};
			buildConfigurationList = A1D661A02F7F12E400DF4EED /* Build configuration list for PBXProject "PitchCircle" */;
			developmentRegion = en;
			hasScannedForEncodings = 0;
			knownRegions = (
				en,
				Base,
			);
			mainGroup = A1D6619C2F7F12E400DF4EED;
			minimizedProjectReferenceProxies = 1;
			preferredProjectObjectVersion = 77;
			productRefGroup = A1D661A62F7F12E400DF4EED /* Products */;
			projectDirPath = "";
			projectRoot = "";
			targets = (
				A1D661A42F7F12E400DF4EED /* PitchCircle */,
			);
		};
/* End PBXProject section */

/* Begin PBXResourcesBuildPhase section */
		A1D661A32F7F12E400DF4EED /* Resources */ = {
			isa = PBXResourcesBuildPhase;
			buildActionMask = 2147483647;
			files = (
			);
			runOnlyForDeploymentPostprocessing = 0;
		};
/* End PBXResourcesBuildPhase section */

/* Begin PBXSourcesBuildPhase section */
		A1D661A12F7F12E400DF4EED /* Sources */ = {
			isa = PBXSourcesBuildPhase;
			buildActionMask = 2147483647;
			files = (
				A1D661CD2F7F136D00DF4EED /* PitchDetectorService.swift in Sources */,
				A1D661EA2F8147AE00DF4EED /* AppState.swift in Sources */,
				A1D661CE2F7F136D00DF4EED /* AudioEngineService.swift in Sources */,
				A1D661CF2F7F136D00DF4EED /* PitchResult.swift in Sources */,
				A1D661D02F7F136D00DF4EED /* PitchCircleApp.swift in Sources */,
				A1D661D12F7F136D00DF4EED /* PYINProcessor.swift in Sources */,
				A1D661EE2F8147B000DF4EED /* SettingsService.swift in Sources */,
				A1D661D22F7F136D00DF4EED /* NoteConverter.swift in Sources */,
				A1D661EC2F8147AF00DF4EED /* AppSettings.swift in Sources */,
				A1D661E62F80743B00DF4EED /* CircleOfFifthsLayout.swift in Sources */,
				A1D661E82F8074A800DF4EED /* CircleOfFifthsView.swift in Sources */,
				A1D661E42F8073D900DF4EED /* Color+Theme.swift in Sources */,
				A1D661D32F7F136D00DF4EED /* ContentView.swift in Sources */,
				A1D661F02F8147B000DF4EED /* SettingsView.swift in Sources */,
			);
			runOnlyForDeploymentPostprocessing = 0;
		};
/* End PBXSourcesBuildPhase section */

/* Begin XCBuildConfiguration section */
		A1D661AE2F7F12E500DF4EED /* Debug */ = {
			isa = XCBuildConfiguration;
			buildSettings = {
				ALWAYS_SEARCH_USER_PATHS = NO;
				ASSETCATALOG_COMPILER_GENERATE_SWIFT_ASSET_SYMBOL_EXTENSIONS = YES;
				CLANG_ANALYZER_NONNULL = YES;
				CLANG_ANALYZER_NUMBER_OBJECT_CONVERSION = YES_AGGRESSIVE;
				CLANG_CXX_LANGUAGE_STANDARD = "gnu++20";
				CLANG_ENABLE_MODULES = YES;
				CLANG_ENABLE_OBJC_ARC = YES;
				CLANG_ENABLE_OBJC_WEAK = YES;
				CLANG_WARN_BLOCK_CAPTURE_AUTORELEASING = YES;
				CLANG_WARN_BOOL_CONVERSION = YES;
				CLANG_WARN_COMMA = YES;
				CLANG_WARN_CONSTANT_CONVERSION = YES;
				CLANG_WARN_DEPRECATED_OBJC_IMPLEMENTATIONS = YES;
				CLANG_WARN_DIRECT_OBJC_ISA_USAGE = YES_ERROR;
				CLANG_WARN_DOCUMENTATION_COMMENTS = YES;
				CLANG_WARN_EMPTY_BODY = YES;
				CLANG_WARN_ENUM_CONVERSION = YES;
				CLANG_WARN_INFINITE_RECURSION = YES;
				CLANG_WARN_INT_CONVERSION = YES;
				CLANG_WARN_NON_LITERAL_NULL_CONVERSION = YES;
				CLANG_WARN_OBJC_IMPLICIT_RETAIN_SELF = YES;
				CLANG_WARN_OBJC_LITERAL_CONVERSION = YES;
				CLANG_WARN_OBJC_ROOT_CLASS = YES_ERROR;
				CLANG_WARN_QUOTED_INCLUDE_IN_FRAMEWORK_HEADER = YES;
				CLANG_WARN_RANGE_LOOP_ANALYSIS = YES;
				CLANG_WARN_STRICT_PROTOTYPES = YES;
				CLANG_WARN_SUSPICIOUS_MOVE = YES;
				CLANG_WARN_UNGUARDED_AVAILABILITY = YES_AGGRESSIVE;
				CLANG_WARN_UNREACHABLE_CODE = YES;
				CLANG_WARN__DUPLICATE_METHOD_MATCH = YES;
				COPY_PHASE_STRIP = NO;
				DEBUG_INFORMATION_FORMAT = dwarf;
				ENABLE_STRICT_OBJC_MSGSEND = YES;
				ENABLE_TESTABILITY = YES;
				ENABLE_USER_SCRIPT_SANDBOXING = YES;
				GCC_C_LANGUAGE_STANDARD = gnu17;
				GCC_DYNAMIC_NO_PIC = NO;
				GCC_NO_COMMON_BLOCKS = YES;
				GCC_OPTIMIZATION_LEVEL = 0;
				GCC_PREPROCESSOR_DEFINITIONS = (
					"DEBUG=1",
					"$(inherited)",
				);
				GCC_WARN_64_TO_32_BIT_CONVERSION = YES;
				GCC_WARN_ABOUT_RETURN_TYPE = YES_ERROR;
				GCC_WARN_UNDECLARED_SELECTOR = YES;
				GCC_WARN_UNINITIALIZED_AUTOS = YES_AGGRESSIVE;
				GCC_WARN_UNUSED_FUNCTION = YES;
				GCC_WARN_UNUSED_VARIABLE = YES;
				IPHONEOS_DEPLOYMENT_TARGET = 26.4;
				LOCALIZATION_PREFERS_STRING_CATALOGS = YES;
				MTL_ENABLE_DEBUG_INFO = INCLUDE_SOURCE;
				MTL_FAST_MATH = YES;
				ONLY_ACTIVE_ARCH = YES;
				SDKROOT = iphoneos;
				SWIFT_ACTIVE_COMPILATION_CONDITIONS = "DEBUG $(inherited)";
				SWIFT_OPTIMIZATION_LEVEL = "-Onone";
			};
			name = Debug;
		};
		A1D661AF2F7F12E500DF4EED /* Release */ = {
			isa = XCBuildConfiguration;
			buildSettings = {
				ALWAYS_SEARCH_USER_PATHS = NO;
				ASSETCATALOG_COMPILER_GENERATE_SWIFT_ASSET_SYMBOL_EXTENSIONS = YES;
				CLANG_ANALYZER_NONNULL = YES;
				CLANG_ANALYZER_NUMBER_OBJECT_CONVERSION = YES_AGGRESSIVE;
				CLANG_CXX_LANGUAGE_STANDARD = "gnu++20";
				CLANG_ENABLE_MODULES = YES;
				CLANG_ENABLE_OBJC_ARC = YES;
				CLANG_ENABLE_OBJC_WEAK = YES;
				CLANG_WARN_BLOCK_CAPTURE_AUTORELEASING = YES;
				CLANG_WARN_BOOL_CONVERSION = YES;
				CLANG_WARN_COMMA = YES;
				CLANG_WARN_CONSTANT_CONVERSION = YES;
				CLANG_WARN_DEPRECATED_OBJC_IMPLEMENTATIONS = YES;
				CLANG_WARN_DIRECT_OBJC_ISA_USAGE = YES_ERROR;
				CLANG_WARN_DOCUMENTATION_COMMENTS = YES;
				CLANG_WARN_EMPTY_BODY = YES;
				CLANG_WARN_ENUM_CONVERSION = YES;
				CLANG_WARN_INFINITE_RECURSION = YES;
				CLANG_WARN_INT_CONVERSION = YES;
				CLANG_WARN_NON_LITERAL_NULL_CONVERSION = YES;
				CLANG_WARN_OBJC_IMPLICIT_RETAIN_SELF = YES;
				CLANG_WARN_OBJC_LITERAL_CONVERSION = YES;
				CLANG_WARN_OBJC_ROOT_CLASS = YES_ERROR;
				CLANG_WARN_QUOTED_INCLUDE_IN_FRAMEWORK_HEADER = YES;
				CLANG_WARN_RANGE_LOOP_ANALYSIS = YES;
				CLANG_WARN_STRICT_PROTOTYPES = YES;
				CLANG_WARN_SUSPICIOUS_MOVE = YES;
				CLANG_WARN_UNGUARDED_AVAILABILITY = YES_AGGRESSIVE;
				CLANG_WARN_UNREACHABLE_CODE = YES;
				CLANG_WARN__DUPLICATE_METHOD_MATCH = YES;
				COPY_PHASE_STRIP = NO;
				DEBUG_INFORMATION_FORMAT = "dwarf-with-dsym";
				ENABLE_NS_ASSERTIONS = NO;
				ENABLE_STRICT_OBJC_MSGSEND = YES;
				ENABLE_USER_SCRIPT_SANDBOXING = YES;
				GCC_C_LANGUAGE_STANDARD = gnu17;
				GCC_NO_COMMON_BLOCKS = YES;
				GCC_WARN_64_TO_32_BIT_CONVERSION = YES;
				GCC_WARN_ABOUT_RETURN_TYPE = YES_ERROR;
				GCC_WARN_UNDECLARED_SELECTOR = YES;
				GCC_WARN_UNINITIALIZED_AUTOS = YES_AGGRESSIVE;
				GCC_WARN_UNUSED_FUNCTION = YES;
				GCC_WARN_UNUSED_VARIABLE = YES;
				IPHONEOS_DEPLOYMENT_TARGET = 26.4;
				LOCALIZATION_PREFERS_STRING_CATALOGS = YES;
				MTL_ENABLE_DEBUG_INFO = NO;
				MTL_FAST_MATH = YES;
				SDKROOT = iphoneos;
				SWIFT_COMPILATION_MODE = wholemodule;
				VALIDATE_PRODUCT = YES;
			};
			name = Release;
		};
		A1D661B12F7F12E500DF4EED /* Debug */ = {
			isa = XCBuildConfiguration;
			buildSettings = {
				ASSETCATALOG_COMPILER_APPICON_NAME = AppIcon;
				ASSETCATALOG_COMPILER_GLOBAL_ACCENT_COLOR_NAME = AccentColor;
				CODE_SIGN_STYLE = Automatic;
				CURRENT_PROJECT_VERSION = 1;
				DEVELOPMENT_TEAM = 4N45QAQ5U7;
				ENABLE_PREVIEWS = YES;
				GENERATE_INFOPLIST_FILE = YES;
				INFOPLIST_FILE = PitchCircle/Info.plist;
				INFOPLIST_KEY_UIApplicationSceneManifest_Generation = YES;
				INFOPLIST_KEY_UIApplicationSupportsIndirectInputEvents = YES;
				INFOPLIST_KEY_UILaunchScreen_Generation = YES;
				INFOPLIST_KEY_UISupportedInterfaceOrientations_iPad = "UIInterfaceOrientationPortrait UIInterfaceOrientationPortraitUpsideDown UIInterfaceOrientationLandscapeLeft UIInterfaceOrientationLandscapeRight";
				INFOPLIST_KEY_UISupportedInterfaceOrientations_iPhone = "UIInterfaceOrientationPortrait UIInterfaceOrientationLandscapeLeft UIInterfaceOrientationLandscapeRight";
				IPHONEOS_DEPLOYMENT_TARGET = 18.6;
				LD_RUNPATH_SEARCH_PATHS = (
					"$(inherited)",
					"@executable_path/Frameworks",
				);
				MARKETING_VERSION = 1.0;
				PRODUCT_BUNDLE_IDENTIFIER = com.boris.PitchCircle;
				PRODUCT_NAME = "$(TARGET_NAME)";
				STRING_CATALOG_GENERATE_SYMBOLS = YES;
				SWIFT_APPROACHABLE_CONCURRENCY = YES;
				SWIFT_DEFAULT_ACTOR_ISOLATION = MainActor;
				SWIFT_EMIT_LOC_STRINGS = YES;
				SWIFT_UPCOMING_FEATURE_MEMBER_IMPORT_VISIBILITY = YES;
				SWIFT_VERSION = 5.0;
				TARGETED_DEVICE_FAMILY = "1,2";
			};
			name = Debug;
		};
		A1D661B22F7F12E500DF4EED /* Release */ = {
			isa = XCBuildConfiguration;
			buildSettings = {
				ASSETCATALOG_COMPILER_APPICON_NAME = AppIcon;
				ASSETCATALOG_COMPILER_GLOBAL_ACCENT_COLOR_NAME = AccentColor;
				CODE_SIGN_STYLE = Automatic;
				CURRENT_PROJECT_VERSION = 1;
				DEVELOPMENT_TEAM = 4N45QAQ5U7;
				ENABLE_PREVIEWS = YES;
				GENERATE_INFOPLIST_FILE = YES;
				INFOPLIST_FILE = PitchCircle/Info.plist;
				INFOPLIST_KEY_UIApplicationSceneManifest_Generation = YES;
				INFOPLIST_KEY_UIApplicationSupportsIndirectInputEvents = YES;
				INFOPLIST_KEY_UILaunchScreen_Generation = YES;
				INFOPLIST_KEY_UISupportedInterfaceOrientations_iPad = "UIInterfaceOrientationPortrait UIInterfaceOrientationPortraitUpsideDown UIInterfaceOrientationLandscapeLeft UIInterfaceOrientationLandscapeRight";
				INFOPLIST_KEY_UISupportedInterfaceOrientations_iPhone = "UIInterfaceOrientationPortrait UIInterfaceOrientationLandscapeLeft UIInterfaceOrientationLandscapeRight";
				IPHONEOS_DEPLOYMENT_TARGET = 18.6;
				LD_RUNPATH_SEARCH_PATHS = (
					"$(inherited)",
					"@executable_path/Frameworks",
				);
				MARKETING_VERSION = 1.0;
				PRODUCT_BUNDLE_IDENTIFIER = com.boris.PitchCircle;
				PRODUCT_NAME = "$(TARGET_NAME)";
				STRING_CATALOG_GENERATE_SYMBOLS = YES;
				SWIFT_APPROACHABLE_CONCURRENCY = YES;
				SWIFT_DEFAULT_ACTOR_ISOLATION = MainActor;
				SWIFT_EMIT_LOC_STRINGS = YES;
				SWIFT_UPCOMING_FEATURE_MEMBER_IMPORT_VISIBILITY = YES;
				SWIFT_VERSION = 5.0;
				TARGETED_DEVICE_FAMILY = "1,2";
			};
			name = Release;
		};
/* End XCBuildConfiguration section */

/* Begin XCConfigurationList section */
		A1D661A02F7F12E400DF4EED /* Build configuration list for PBXProject "PitchCircle" */ = {
			isa = XCConfigurationList;
			buildConfigurations = (
				A1D661AE2F7F12E500DF4EED /* Debug */,
				A1D661AF2F7F12E500DF4EED /* Release */,
			);
			defaultConfigurationIsVisible = 0;
			defaultConfigurationName = Release;
		};
		A1D661B02F7F12E500DF4EED /* Build configuration list for PBXNativeTarget "PitchCircle" */ = {
			isa = XCConfigurationList;
			buildConfigurations = (
				A1D661B12F7F12E500DF4EED /* Debug */,
				A1D661B22F7F12E500DF4EED /* Release */,
			);
			defaultConfigurationIsVisible = 0;
			defaultConfigurationName = Release;
		};
/* End XCConfigurationList section */
	};
	rootObject = A1D6619D2F7F12E400DF4EED /* Project object */;
}
